
Microsoft Visual Studio Solution File, Format Version 12.00
# Visual Studio Version 17
VisualStudioVersion = 17.4.33122.133
MinimumVisualStudioVersion = 10.0.40219.1
Project("{FAE04EC0-301F-11D3-BF4B-00C04F79EFBC}") = "Hesap Makinesi Basit", "Hesap Makinesi Basit\Hesap Makinesi Basit.csproj", "{CC0C65C8-1E7E-4B3C-A563-11AD73BBFECB}"
EndProject
Global
	GlobalSection(SolutionConfigurationPlatforms) = preSolution
		Debug|Any CPU = Debug|Any CPU
		Release|Any CPU = Release|Any CPU
	EndGlobalSection
	GlobalSection(ProjectConfigurationPlatforms) = postSolution
		{CC0C65C8-1E7E-4B3C-A563-11AD73BBFECB}.Debug|Any CPU.ActiveCfg = Debug|Any CPU
		{CC0C65C8-1E7E-4B3C-A563-11AD73BBFECB}.Debug|Any CPU.Build.0 = Debug|Any CPU
		{CC0C65C8-1E7E-4B3C-A563-11AD73BBFECB}.Release|Any CPU.ActiveCfg = Release|Any CPU
		{CC0C65C8-1E7E-4B3C-A563-11AD73BBFECB}.Release|Any CPU.Build.0 = Release|Any CPU
	EndGlobalSection
	GlobalSection(SolutionProperties) = preSolution
		HideSolutionNode = FALSE
	EndGlobalSection
	GlobalSection(ExtensibilityGlobals) = postSolution
		SolutionGuid = {C91B20C9-3CB8-4135-B804-34FE3BF9DDC1}
	EndGlobalSection
EndGlobal
